// !$*UTF8*$!
{
	archiveVersion = 1;
	classes = {
	};
	objectVersion = 56;
	objects = {

/* Begin PBXBuildFile section */
		229B7EEA2CBFE98D00475CA6 /* AppDelegate.swift in Sources */ = {isa = PBXBuildFile; fileRef = 229B7EE92CBFE98D00475CA6 /* AppDelegate.swift */; };
		229B7EEC2CBFE98D00475CA6 /* SceneDelegate.swift in Sources */ = {isa = PBXBuildFile; fileRef = 229B7EEB2CBFE98D00475CA6 /* SceneDelegate.swift */; };
		229B7EEE2CBFE98D00475CA6 /* ViewController.swift in Sources */ = {isa = PBXBuildFile; fileRef = 229B7EED2CBFE98D00475CA6 /* ViewController.swift */; };
		229B7EF12CBFE98D00475CA6 /* Base in Resources */ = {isa = PBXBuildFile; fileRef = 229B7EF02CBFE98D00475CA6 /* Base */; };
		229B7EF42CBFE98D00475CA6 /* persistenceNotes.xcdatamodeld in Sources */ = {isa = PBXBuildFile; fileRef = 229B7EF22CBFE98D00475CA6 /* persistenceNotes.xcdatamodeld */; };
		229B7EF62CBFE98E00475CA6 /* Assets.xcassets in Resources */ = {isa = PBXBuildFile; fileRef = 229B7EF52CBFE98E00475CA6 /* Assets.xcassets */; };
		229B7EF92CBFE98E00475CA6 /* Base in Resources */ = {isa = PBXBuildFile; fileRef = 229B7EF82CBFE98E00475CA6 /* Base */; };
/* End PBXBuildFile section */

/* Begin PBXFileReference section */
		229B7EE62CBFE98D00475CA6 /* persistenceNotes.app */ = {isa = PBXFileReference; explicitFileType = wrapper.application; includeInIndex = 0; path = persistenceNotes.app; sourceTree = BUILT_PRODUCTS_DIR; };
		229B7EE92CBFE98D00475CA6 /* AppDelegate.swift */ = {isa = PBXFileReference; lastKnownFileType = sourcecode.swift; path = AppDelegate.swift; sourceTree = "<group>"; };
		229B7EEB2CBFE98D00475CA6 /* SceneDelegate.swift */ = {isa = PBXFileReference; lastKnownFileType = sourcecode.swift; path = SceneDelegate.swift; sourceTree = "<group>"; };
		229B7EED2CBFE98D00475CA6 /* ViewController.swift */ = {isa = PBXFileReference; lastKnownFileType = sourcecode.swift; path = ViewController.swift; sourceTree = "<group>"; };
		229B7EF02CBFE98D00475CA6 /* Base */ = {isa = PBXFileReference; lastKnownFileType = file.storyboard; name = Base; path = Base.lproj/Main.storyboard; sourceTree = "<group>"; };
		229B7EF32CBFE98D00475CA6 /* persistenceNotes.xcdatamodel */ = {isa = PBXFileReference; lastKnownFileType = wrapper.xcdatamodel; path = persistenceNotes.xcdatamodel; sourceTree = "<group>"; };
		229B7EF52CBFE98E00475CA6 /* Assets.xcassets */ = {isa = PBXFileReference; lastKnownFileType = folder.assetcatalog; path = Assets.xcassets; sourceTree = "<group>"; };
		229B7EF82CBFE98E00475CA6 /* Base */ = {isa = PBXFileReference; lastKnownFileType = file.storyboard; name = Base; path = Base.lproj/LaunchScreen.storyboard; sourceTree = "<group>"; };
		229B7EFA2CBFE98E00475CA6 /* Info.plist */ = {isa = PBXFileReference; lastKnownFileType = text.plist.xml; path = Info.plist; sourceTree = "<group>"; };
/* End PBXFileReference section */

/* Begin PBXFrameworksBuildPhase section */
		229B7EE32CBFE98D00475CA6 /* Frameworks */ = {
			isa = PBXFrameworksBuildPhase;
			buildActionMask = 2147483647;
			files = (
			);
			runOnlyForDeploymentPostprocessing = 0;
		};
/* End PBXFrameworksBuildPhase section */

/* Begin PBXGroup section */
		229B7EDD2CBFE98D00475CA6 = {
			isa = PBXGroup;
			children = (
				229B7EE82CBFE98D00475CA6 /* persistenceNotes */,
				229B7EE72CBFE98D00475CA6 /* Products */,
			);
			sourceTree = "<group>";
		};
		229B7EE72CBFE98D00475CA6 /* Products */ = {
			isa = PBXGroup;
			children = (
				229B7EE62CBFE98D00475CA6 /* persistenceNotes.app */,
			);
			name = Products;
			sourceTree = "<group>";
		};
		229B7EE82CBFE98D00475CA6 /* persistenceNotes */ = {
			isa = PBXGroup;
			children = (
				229B7EE92CBFE98D00475CA6 /* AppDelegate.swift */,
				229B7EEB2CBFE98D00475CA6 /* SceneDelegate.swift */,
				229B7EED2CBFE98D00475CA6 /* ViewController.swift */,
				229B7EEF2CBFE98D00475CA6 /* Main.storyboard */,
				229B7EF52CBFE98E00475CA6 /* Assets.xcassets */,
				229B7EF72CBFE98E00475CA6 /* LaunchScreen.storyboard */,
				229B7EFA2CBFE98E00475CA6 /* Info.plist */,
				229B7EF22CBFE98D00475CA6 /* persistenceNotes.xcdatamodeld */,
			);
			path = persistenceNotes;
			sourceTree = "<group>";
		};
/* End PBXGroup section */

/* Begin PBXNativeTarget section */
		229B7EE52CBFE98D00475CA6 /* persistenceNotes */ = {
			isa = PBXNativeTarget;
			buildConfigurationList = 229B7EFD2CBFE98E00475CA6 /* Build configuration list for PBXNativeTarget "persistenceNotes" */;
			buildPhases = (
				229B7EE22CBFE98D00475CA6 /* Sources */,
				229B7EE32CBFE98D00475CA6 /* Frameworks */,
				229B7EE42CBFE98D00475CA6 /* Resources */,
			);
			buildRules = (
			);
			dependencies = (
			);
			name = persistenceNotes;
			productName = persistenceNotes;
			productReference = 229B7EE62CBFE98D00475CA6 /* persistenceNotes.app */;
			productType = "com.apple.product-type.application";
		};
/* End PBXNativeTarget section */

/* Begin PBXProject section */
		229B7EDE2CBFE98D00475CA6 /* Project object */ = {
			isa = PBXProject;
			attributes = {
				BuildIndependentTargetsInParallel = 1;
				LastSwiftUpdateCheck = 1540;
				LastUpgradeCheck = 1540;
				TargetAttributes = {
					229B7EE52CBFE98D00475CA6 = {
						CreatedOnToolsVersion = 15.4;
					};
				};
			};
			buildConfigurationList = 229B7EE12CBFE98D00475CA6 /* Build configuration list for PBXProject "persistenceNotes" */;
			compatibilityVersion = "Xcode 14.0";
			developmentRegion = en;
			hasScannedForEncodings = 0;
			knownRegions = (
				en,
				Base,
			);
			mainGroup = 229B7EDD2CBFE98D00475CA6;
			productRefGroup = 229B7EE72CBFE98D00475CA6 /* Products */;
			projectDirPath = "";
			projectRoot = "";
			targets = (
				229B7EE52CBFE98D00475CA6 /* persistenceNotes */,
			);
		};
/* End PBXProject section */

/* Begin PBXResourcesBuildPhase section */
		229B7EE42CBFE98D00475CA6 /* Resources */ = {
			isa = PBXResourcesBuildPhase;
			buildActionMask = 2147483647;
			files = (
				229B7EF62CBFE98E00475CA6 /* Assets.xcassets in Resources */,
				229B7EF92CBFE98E00475CA6 /* Base in Resources */,
				229B7EF12CBFE98D00475CA6 /* Base in Resources */,
			);
			runOnlyForDeploymentPostprocessing = 0;
		};
/* End PBXResourcesBuildPhase section */

/* Begin PBXSourcesBuildPhase section */
		229B7EE22CBFE98D00475CA6 /* Sources */ = {
			isa = PBXSourcesBuildPhase;
			buildActionMask = 2147483647;
			files = (
				229B7EEE2CBFE98D00475CA6 /* ViewController.swift in Sources */,
				229B7EEA2CBFE98D00475CA6 /* AppDelegate.swift in Sources */,
				229B7EEC2CBFE98D00475CA6 /* SceneDelegate.swift in Sources */,
				229B7EF42CBFE98D00475CA6 /* persistenceNotes.xcdatamodeld in Sources */,
			);
			runOnlyForDeploymentPostprocessing = 0;
		};
/* End PBXSourcesBuildPhase section */

/* Begin PBXVariantGroup section */
		229B7EEF2CBFE98D00475CA6 /* Main.storyboard */ = {
			isa = PBXVariantGroup;
			children = (
				229B7EF02CBFE98D00475CA6 /* Base */,
			);
			name = Main.storyboard;
			sourceTree = "<group>";
		};
		229B7EF72CBFE98E00475CA6 /* LaunchScreen.storyboard */ = {
			isa = PBXVariantGroup;
			children = (
				229B7EF82CBFE98E00475CA6 /* Base */,
			);
			name = LaunchScreen.storyboard;
			sourceTree = "<group>";
		};
/* End PBXVariantGroup section */

/* Begin XCBuildConfiguration section */
		229B7EFB2CBFE98E00475CA6 /* Debug */ = {
			isa = XCBuildConfiguration;
			buildSettings = {
				ALWAYS_SEARCH_USER_PATHS = NO;
				ASSETCATALOG_COMPILER_GENERATE_SWIFT_ASSET_SYMBOL_EXTENSIONS = YES;
				CLANG_ANALYZER_NONNULL = YES;
				CLANG_ANALYZER_NUMBER_OBJECT_CONVERSION = YES_AGGRESSIVE;
				CLANG_CXX_LANGUAGE_STANDARD = "gnu++20";
				CLANG_ENABLE_MODULES = YES;
				CLANG_ENABLE_OBJC_ARC = YES;
				CLANG_ENABLE_OBJC_WEAK = YES;
				CLANG_WARN_BLOCK_CAPTURE_AUTORELEASING = YES;
				CLANG_WARN_BOOL_CONVERSION = YES;
				CLANG_WARN_COMMA = YES;
				CLANG_WARN_CONSTANT_CONVERSION = YES;
				CLANG_WARN_DEPRECATED_OBJC_IMPLEMENTATIONS = YES;
				CLANG_WARN_DIRECT_OBJC_ISA_USAGE = YES_ERROR;
				CLANG_WARN_DOCUMENTATION_COMMENTS = YES;
				CLANG_WARN_EMPTY_BODY = YES;
				CLANG_WARN_ENUM_CONVERSION = YES;
				CLANG_WARN_INFINITE_RECURSION = YES;
				CLANG_WARN_INT_CONVERSION = YES;
				CLANG_WARN_NON_LITERAL_NULL_CONVERSION = YES;
				CLANG_WARN_OBJC_IMPLICIT_RETAIN_SELF = YES;
				CLANG_WARN_OBJC_LITERAL_CONVERSION = YES;
				CLANG_WARN_OBJC_ROOT_CLASS = YES_ERROR;
				CLANG_WARN_QUOTED_INCLUDE_IN_FRAMEWORK_HEADER = YES;
				CLANG_WARN_RANGE_LOOP_ANALYSIS = YES;
				CLANG_WARN_STRICT_PROTOTYPES = YES;
				CLANG_WARN_SUSPICIOUS_MOVE = YES;
				CLANG_WARN_UNGUARDED_AVAILABILITY = YES_AGGRESSIVE;
				CLANG_WARN_UNREACHABLE_CODE = YES;
				CLANG_WARN__DUPLICATE_METHOD_MATCH = YES;
				COPY_PHASE_STRIP = NO;
				DEBUG_INFORMATION_FORMAT = dwarf;
				ENABLE_STRICT_OBJC_MSGSEND = YES;
				ENABLE_TESTABILITY = YES;
				ENABLE_USER_SCRIPT_SANDBOXING = YES;
				GCC_C_LANGUAGE_STANDARD = gnu17;
				GCC_DYNAMIC_NO_PIC = NO;
				GCC_NO_COMMON_BLOCKS = YES;
				GCC_OPTIMIZATION_LEVEL = 0;
				GCC_PREPROCESSOR_DEFINITIONS = (
					"DEBUG=1",
					"$(inherited)",
				);
				GCC_WARN_64_TO_32_BIT_CONVERSION = YES;
				GCC_WARN_ABOUT_RETURN_TYPE = YES_ERROR;
				GCC_WARN_UNDECLARED_SELECTOR = YES;
				GCC_WARN_UNINITIALIZED_AUTOS = YES_AGGRESSIVE;
				GCC_WARN_UNUSED_FUNCTION = YES;
				GCC_WARN_UNUSED_VARIABLE = YES;
				IPHONEOS_DEPLOYMENT_TARGET = 17.5;
				LOCALIZATION_PREFERS_STRING_CATALOGS = YES;
				MTL_ENABLE_DEBUG_INFO = INCLUDE_SOURCE;
				MTL_FAST_MATH = YES;
				ONLY_ACTIVE_ARCH = YES;
				SDKROOT = iphoneos;
				SWIFT_ACTIVE_COMPILATION_CONDITIONS = "DEBUG $(inherited)";
				SWIFT_OPTIMIZATION_LEVEL = "-Onone";
			};
			name = Debug;
		};
		229B7EFC2CBFE98E00475CA6 /* Release */ = {
			isa = XCBuildConfiguration;
			buildSettings = {
				ALWAYS_SEARCH_USER_PATHS = NO;
				ASSETCATALOG_COMPILER_GENERATE_SWIFT_ASSET_SYMBOL_EXTENSIONS = YES;
				CLANG_ANALYZER_NONNULL = YES;
				CLANG_ANALYZER_NUMBER_OBJECT_CONVERSION = YES_AGGRESSIVE;
				CLANG_CXX_LANGUAGE_STANDARD = "gnu++20";
				CLANG_ENABLE_MODULES = YES;
				CLANG_ENABLE_OBJC_ARC = YES;
				CLANG_ENABLE_OBJC_WEAK = YES;
				CLANG_WARN_BLOCK_CAPTURE_AUTORELEASING = YES;
				CLANG_WARN_BOOL_CONVERSION = YES;
				CLANG_WARN_COMMA = YES;
				CLANG_WARN_CONSTANT_CONVERSION = YES;
				CLANG_WARN_DEPRECATED_OBJC_IMPLEMENTATIONS = YES;
				CLANG_WARN_DIRECT_OBJC_ISA_USAGE = YES_ERROR;
				CLANG_WARN_DOCUMENTATION_COMMENTS = YES;
				CLANG_WARN_EMPTY_BODY = YES;
				CLANG_WARN_ENUM_CONVERSION = YES;
				CLANG_WARN_INFINITE_RECURSION = YES;
				CLANG_WARN_INT_CONVERSION = YES;
				CLANG_WARN_NON_LITERAL_NULL_CONVERSION = YES;
				CLANG_WARN_OBJC_IMPLICIT_RETAIN_SELF = YES;
				CLANG_WARN_OBJC_LITERAL_CONVERSION = YES;
				CLANG_WARN_OBJC_ROOT_CLASS = YES_ERROR;
				CLANG_WARN_QUOTED_INCLUDE_IN_FRAMEWORK_HEADER = YES;
				CLANG_WARN_RANGE_LOOP_ANALYSIS = YES;
				CLANG_WARN_STRICT_PROTOTYPES = YES;
				CLANG_WARN_SUSPICIOUS_MOVE = YES;
				CLANG_WARN_UNGUARDED_AVAILABILITY = YES_AGGRESSIVE;
				CLANG_WARN_UNREACHABLE_CODE = YES;
				CLANG_WARN__DUPLICATE_METHOD_MATCH = YES;
				COPY_PHASE_STRIP = NO;
				DEBUG_INFORMATION_FORMAT = "dwarf-with-dsym";
				ENABLE_NS_ASSERTIONS = NO;
				ENABLE_STRICT_OBJC_MSGSEND = YES;
				ENABLE_USER_SCRIPT_SANDBOXING = YES;
				GCC_C_LANGUAGE_STANDARD = gnu17;
				GCC_NO_COMMON_BLOCKS = YES;
				GCC_WARN_64_TO_32_BIT_CONVERSION = YES;
				GCC_WARN_ABOUT_RETURN_TYPE = YES_ERROR;
				GCC_WARN_UNDECLARED_SELECTOR = YES;
				GCC_WARN_UNINITIALIZED_AUTOS = YES_AGGRESSIVE;
				GCC_WARN_UNUSED_FUNCTION = YES;
				GCC_WARN_UNUSED_VARIABLE = YES;
				IPHONEOS_DEPLOYMENT_TARGET = 17.5;
				LOCALIZATION_PREFERS_STRING_CATALOGS = YES;
				MTL_ENABLE_DEBUG_INFO = NO;
				MTL_FAST_MATH = YES;
				SDKROOT = iphoneos;
				SWIFT_COMPILATION_MODE = wholemodule;
				VALIDATE_PRODUCT = YES;
			};
			name = Release;
		};
		229B7EFE2CBFE98E00475CA6 /* Debug */ = {
			isa = XCBuildConfiguration;
			buildSettings = {
				ASSETCATALOG_COMPILER_APPICON_NAME = AppIcon;
				ASSETCATALOG_COMPILER_GLOBAL_ACCENT_COLOR_NAME = AccentColor;
				CODE_SIGN_STYLE = Automatic;
				CURRENT_PROJECT_VERSION = 1;
				DEVELOPMENT_TEAM = 9U7FVWW6CS;
				GENERATE_INFOPLIST_FILE = YES;
				INFOPLIST_FILE = persistenceNotes/Info.plist;
				INFOPLIST_KEY_UIApplicationSupportsIndirectInputEvents = YES;
				INFOPLIST_KEY_UILaunchStoryboardName = LaunchScreen;
				INFOPLIST_KEY_UIMainStoryboardFile = Main;
				INFOPLIST_KEY_UISupportedInterfaceOrientations_iPad = "UIInterfaceOrientationPortrait UIInterfaceOrientationPortraitUpsideDown UIInterfaceOrientationLandscapeLeft UIInterfaceOrientationLandscapeRight";
				INFOPLIST_KEY_UISupportedInterfaceOrientations_iPhone = "UIInterfaceOrientationPortrait UIInterfaceOrientationLandscapeLeft UIInterfaceOrientationLandscapeRight";
				LD_RUNPATH_SEARCH_PATHS = (
					"$(inherited)",
					"@executable_path/Frameworks",
				);
				MARKETING_VERSION = 1.0;
				PRODUCT_BUNDLE_IDENTIFIER = clc.persistenceNotes;
				PRODUCT_NAME = "$(TARGET_NAME)";
				SWIFT_EMIT_LOC_STRINGS = YES;
				SWIFT_VERSION = 5.0;
				TARGETED_DEVICE_FAMILY = "1,2";
			};
			name = Debug;
		};
		229B7EFF2CBFE98E00475CA6 /* Release */ = {
			isa = XCBuildConfiguration;
			buildSettings = {
				ASSETCATALOG_COMPILER_APPICON_NAME = AppIcon;
				ASSETCATALOG_COMPILER_GLOBAL_ACCENT_COLOR_NAME = AccentColor;
				CODE_SIGN_STYLE = Automatic;
				CURRENT_PROJECT_VERSION = 1;
				DEVELOPMENT_TEAM = 9U7FVWW6CS;
				GENERATE_INFOPLIST_FILE = YES;
				INFOPLIST_FILE = persistenceNotes/Info.plist;
				INFOPLIST_KEY_UIApplicationSupportsIndirectInputEvents = YES;
				INFOPLIST_KEY_UILaunchStoryboardName = LaunchScreen;
				INFOPLIST_KEY_UIMainStoryboardFile = Main;
				INFOPLIST_KEY_UISupportedInterfaceOrientations_iPad = "UIInterfaceOrientationPortrait UIInterfaceOrientationPortraitUpsideDown UIInterfaceOrientationLandscapeLeft UIInterfaceOrientationLandscapeRight";
				INFOPLIST_KEY_UISupportedInterfaceOrientations_iPhone = "UIInterfaceOrientationPortrait UIInterfaceOrientationLandscapeLeft UIInterfaceOrientationLandscapeRight";
				LD_RUNPATH_SEARCH_PATHS = (
					"$(inherited)",
					"@executable_path/Frameworks",
				);
				MARKETING_VERSION = 1.0;
				PRODUCT_BUNDLE_IDENTIFIER = clc.persistenceNotes;
				PRODUCT_NAME = "$(TARGET_NAME)";
				SWIFT_EMIT_LOC_STRINGS = YES;
				SWIFT_VERSION = 5.0;
				TARGETED_DEVICE_FAMILY = "1,2";
			};
			name = Release;
		};
/* End XCBuildConfiguration section */

/* Begin XCConfigurationList section */
		229B7EE12CBFE98D00475CA6 /* Build configuration list for PBXProject "persistenceNotes" */ = {
			isa = XCConfigurationList;
			buildConfigurations = (
				229B7EFB2CBFE98E00475CA6 /* Debug */,
				229B7EFC2CBFE98E00475CA6 /* Release */,
			);
			defaultConfigurationIsVisible = 0;
			defaultConfigurationName = Release;
		};
		229B7EFD2CBFE98E00475CA6 /* Build configuration list for PBXNativeTarget "persistenceNotes" */ = {
			isa = XCConfigurationList;
			buildConfigurations = (
				229B7EFE2CBFE98E00475CA6 /* Debug */,
				229B7EFF2CBFE98E00475CA6 /* Release */,
			);
			defaultConfigurationIsVisible = 0;
			defaultConfigurationName = Release;
		};
/* End XCConfigurationList section */

/* Begin XCVersionGroup section */
		229B7EF22CBFE98D00475CA6 /* persistenceNotes.xcdatamodeld */ = {
			isa = XCVersionGroup;
			children = (
				229B7EF32CBFE98D00475CA6 /* persistenceNotes.xcdatamodel */,
			);
			currentVersion = 229B7EF32CBFE98D00475CA6 /* persistenceNotes.xcdatamodel */;
			path = persistenceNotes.xcdatamodeld;
			sourceTree = "<group>";
			versionGroupType = wrapper.xcdatamodel;
		};
/* End XCVersionGroup section */
	};
	rootObject = 229B7EDE2CBFE98D00475CA6 /* Project object */;
}
